
Microsoft Visual Studio Solution File, Format Version 12.00
# Visual Studio 2012
Project("{FAE04EC0-301F-11D3-BF4B-00C04F79EFBC}") = "EmberAppointment", "ConsumerPortal\EmberAppointment.csproj", "{8B036272-B99D-44F1-99AD-C542026B9B8A}"
EndProject
Project("{FAE04EC0-301F-11D3-BF4B-00C04F79EFBC}") = "EmberPersistenceLayer", "EmberPersistenceLayer\EmberPersistenceLayer.csproj", "{F5357CDF-606E-4A6A-9E45-35286748F3A9}"
EndProject
Project("{FAE04EC0-301F-11D3-BF4B-00C04F79EFBC}") = "EmberInfrastructure", "EmberInfrastructure\EmberInfrastructure.csproj", "{456F28FA-A309-4F6E-B12D-534B6AB7C39F}"
EndProject
Global
	GlobalSection(SolutionConfigurationPlatforms) = preSolution
		Debug|Any CPU = Debug|Any CPU
		Release|Any CPU = Release|Any CPU
	EndGlobalSection
	GlobalSection(ProjectConfigurationPlatforms) = postSolution
		{8B036272-B99D-44F1-99AD-C542026B9B8A}.Debug|Any CPU.ActiveCfg = Debug|Any CPU
		{8B036272-B99D-44F1-99AD-C542026B9B8A}.Debug|Any CPU.Build.0 = Debug|Any CPU
		{8B036272-B99D-44F1-99AD-C542026B9B8A}.Release|Any CPU.ActiveCfg = Release|Any CPU
		{8B036272-B99D-44F1-99AD-C542026B9B8A}.Release|Any CPU.Build.0 = Release|Any CPU
		{F5357CDF-606E-4A6A-9E45-35286748F3A9}.Debug|Any CPU.ActiveCfg = Debug|Any CPU
		{F5357CDF-606E-4A6A-9E45-35286748F3A9}.Debug|Any CPU.Build.0 = Debug|Any CPU
		{F5357CDF-606E-4A6A-9E45-35286748F3A9}.Release|Any CPU.ActiveCfg = Release|Any CPU
		{F5357CDF-606E-4A6A-9E45-35286748F3A9}.Release|Any CPU.Build.0 = Release|Any CPU
		{456F28FA-A309-4F6E-B12D-534B6AB7C39F}.Debug|Any CPU.ActiveCfg = Debug|Any CPU
		{456F28FA-A309-4F6E-B12D-534B6AB7C39F}.Debug|Any CPU.Build.0 = Debug|Any CPU
		{456F28FA-A309-4F6E-B12D-534B6AB7C39F}.Release|Any CPU.ActiveCfg = Release|Any CPU
		{456F28FA-A309-4F6E-B12D-534B6AB7C39F}.Release|Any CPU.Build.0 = Release|Any CPU
	EndGlobalSection
	GlobalSection(SolutionProperties) = preSolution
		HideSolutionNode = FALSE
	EndGlobalSection
EndGlobal
